
Microsoft Visual Studio Solution File, Format Version 12.00
# Visual Studio Version 17
VisualStudioVersion = 17.0.31903.59
MinimumVisualStudioVersion = 10.0.40219.1
Project("{2150E333-8FDC-42A3-9474-1A3956D46DE8}") = "src", "src", "{827E0CD3-B72D-47B6-A68D-7590B98EB39B}"
EndProject
Project("{FAE04EC0-301F-11D3-BF4B-00C04F79EFBC}") = "MA.Clean.Template.Shared", "src\MA.Clean.Template.Shared\MA.Clean.Template.Shared.csproj", "{0550D15B-9524-4A62-BC1B-62B5F5381F1E}"
EndProject
Project("{FAE04EC0-301F-11D3-BF4B-00C04F79EFBC}") = "MA.Clean.Template.Domain", "src\MA.Clean.Template.Domain\MA.Clean.Template.Domain.csproj", "{6EB8C280-0F81-47C5-8717-3F67329F859A}"
EndProject
Project("{FAE04EC0-301F-11D3-BF4B-00C04F79EFBC}") = "MA.Clean.Template.Application", "src\MA.Clean.Template.Application\MA.Clean.Template.Application.csproj", "{D02E3CED-9920-4F48-B6F1-EA2B4BDF4F68}"
EndProject
Project("{FAE04EC0-301F-11D3-BF4B-00C04F79EFBC}") = "MA.Clean.Template.Infrastructure", "src\MA.Clean.Template.Infrastructure\MA.Clean.Template.Infrastructure.csproj", "{5DE54194-A14E-4437-9988-14A8C128C51D}"
EndProject
Project("{FAE04EC0-301F-11D3-BF4B-00C04F79EFBC}") = "MA.Clean.Template.Api", "src\MA.Clean.Template.Api\MA.Clean.Template.Api.csproj", "{273C03AE-481D-4DC9-AA5D-851208E2BCE7}"
EndProject
Project("{FAE04EC0-301F-11D3-BF4B-00C04F79EFBC}") = "MA.Clean.Template.Worker", "src\MA.Clean.Template.Worker\MA.Clean.Template.Worker.csproj", "{B5E896E5-1A42-4957-8DE4-CF7E26ABEB64}"
EndProject
Project("{FAE04EC0-301F-11D3-BF4B-00C04F79EFBC}") = "MA.Clean.Template.Tests", "tests\MA.Clean.Template.Tests\MA.Clean.Template.Tests.csproj", "{47C21737-2088-416D-89AA-61979A163142}"
EndProject
Global
	GlobalSection(SolutionConfigurationPlatforms) = preSolution
		Debug|Any CPU = Debug|Any CPU
		Debug|x64 = Debug|x64
		Debug|x86 = Debug|x86
		Release|Any CPU = Release|Any CPU
		Release|x64 = Release|x64
		Release|x86 = Release|x86
	EndGlobalSection
	GlobalSection(ProjectConfigurationPlatforms) = postSolution
		{0550D15B-9524-4A62-BC1B-62B5F5381F1E}.Debug|Any CPU.ActiveCfg = Debug|Any CPU
		{0550D15B-9524-4A62-BC1B-62B5F5381F1E}.Debug|Any CPU.Build.0 = Debug|Any CPU
		{0550D15B-9524-4A62-BC1B-62B5F5381F1E}.Debug|x64.ActiveCfg = Debug|Any CPU
		{0550D15B-9524-4A62-BC1B-62B5F5381F1E}.Debug|x64.Build.0 = Debug|Any CPU
		{0550D15B-9524-4A62-BC1B-62B5F5381F1E}.Debug|x86.ActiveCfg = Debug|Any CPU
		{0550D15B-9524-4A62-BC1B-62B5F5381F1E}.Debug|x86.Build.0 = Debug|Any CPU
		{0550D15B-9524-4A62-BC1B-62B5F5381F1E}.Release|Any CPU.ActiveCfg = Release|Any CPU
		{0550D15B-9524-4A62-BC1B-62B5F5381F1E}.Release|Any CPU.Build.0 = Release|Any CPU
		{0550D15B-9524-4A62-BC1B-62B5F5381F1E}.Release|x64.ActiveCfg = Release|Any CPU
		{0550D15B-9524-4A62-BC1B-62B5F5381F1E}.Release|x64.Build.0 = Release|Any CPU
		{0550D15B-9524-4A62-BC1B-62B5F5381F1E}.Release|x86.ActiveCfg = Release|Any CPU
		{0550D15B-9524-4A62-BC1B-62B5F5381F1E}.Release|x86.Build.0 = Release|Any CPU
		{6EB8C280-0F81-47C5-8717-3F67329F859A}.Debug|Any CPU.ActiveCfg = Debug|Any CPU
		{6EB8C280-0F81-47C5-8717-3F67329F859A}.Debug|Any CPU.Build.0 = Debug|Any CPU
		{6EB8C280-0F81-47C5-8717-3F67329F859A}.Debug|x64.ActiveCfg = Debug|Any CPU
		{6EB8C280-0F81-47C5-8717-3F67329F859A}.Debug|x64.Build.0 = Debug|Any CPU
		{6EB8C280-0F81-47C5-8717-3F67329F859A}.Debug|x86.ActiveCfg = Debug|Any CPU
		{6EB8C280-0F81-47C5-8717-3F67329F859A}.Debug|x86.Build.0 = Debug|Any CPU
		{6EB8C280-0F81-47C5-8717-3F67329F859A}.Release|Any CPU.ActiveCfg = Release|Any CPU
		{6EB8C280-0F81-47C5-8717-3F67329F859A}.Release|Any CPU.Build.0 = Release|Any CPU
		{6EB8C280-0F81-47C5-8717-3F67329F859A}.Release|x64.ActiveCfg = Release|Any CPU
		{6EB8C280-0F81-47C5-8717-3F67329F859A}.Release|x64.Build.0 = Release|Any CPU
		{6EB8C280-0F81-47C5-8717-3F67329F859A}.Release|x86.ActiveCfg = Release|Any CPU
		{6EB8C280-0F81-47C5-8717-3F67329F859A}.Release|x86.Build.0 = Release|Any CPU
		{D02E3CED-9920-4F48-B6F1-EA2B4BDF4F68}.Debug|Any CPU.ActiveCfg = Debug|Any CPU
		{D02E3CED-9920-4F48-B6F1-EA2B4BDF4F68}.Debug|Any CPU.Build.0 = Debug|Any CPU
		{D02E3CED-9920-4F48-B6F1-EA2B4BDF4F68}.Debug|x64.ActiveCfg = Debug|Any CPU
		{D02E3CED-9920-4F48-B6F1-EA2B4BDF4F68}.Debug|x64.Build.0 = Debug|Any CPU
		{D02E3CED-9920-4F48-B6F1-EA2B4BDF4F68}.Debug|x86.ActiveCfg = Debug|Any CPU
		{D02E3CED-9920-4F48-B6F1-EA2B4BDF4F68}.Debug|x86.Build.0 = Debug|Any CPU
		{D02E3CED-9920-4F48-B6F1-EA2B4BDF4F68}.Release|Any CPU.ActiveCfg = Release|Any CPU
		{D02E3CED-9920-4F48-B6F1-EA2B4BDF4F68}.Release|Any CPU.Build.0 = Release|Any CPU
		{D02E3CED-9920-4F48-B6F1-EA2B4BDF4F68}.Release|x64.ActiveCfg = Release|Any CPU
		{D02E3CED-9920-4F48-B6F1-EA2B4BDF4F68}.Release|x64.Build.0 = Release|Any CPU
		{D02E3CED-9920-4F48-B6F1-EA2B4BDF4F68}.Release|x86.ActiveCfg = Release|Any CPU
		{D02E3CED-9920-4F48-B6F1-EA2B4BDF4F68}.Release|x86.Build.0 = Release|Any CPU
		{5DE54194-A14E-4437-9988-14A8C128C51D}.Debug|Any CPU.ActiveCfg = Debug|Any CPU
		{5DE54194-A14E-4437-9988-14A8C128C51D}.Debug|Any CPU.Build.0 = Debug|Any CPU
		{5DE54194-A14E-4437-9988-14A8C128C51D}.Debug|x64.ActiveCfg = Debug|Any CPU
		{5DE54194-A14E-4437-9988-14A8C128C51D}.Debug|x64.Build.0 = Debug|Any CPU
		{5DE54194-A14E-4437-9988-14A8C128C51D}.Debug|x86.ActiveCfg = Debug|Any CPU
		{5DE54194-A14E-4437-9988-14A8C128C51D}.Debug|x86.Build.0 = Debug|Any CPU
		{5DE54194-A14E-4437-9988-14A8C128C51D}.Release|Any CPU.ActiveCfg = Release|Any CPU
		{5DE54194-A14E-4437-9988-14A8C128C51D}.Release|Any CPU.Build.0 = Release|Any CPU
		{5DE54194-A14E-4437-9988-14A8C128C51D}.Release|x64.ActiveCfg = Release|Any CPU
		{5DE54194-A14E-4437-9988-14A8C128C51D}.Release|x64.Build.0 = Release|Any CPU
		{5DE54194-A14E-4437-9988-14A8C128C51D}.Release|x86.ActiveCfg = Release|Any CPU
		{5DE54194-A14E-4437-9988-14A8C128C51D}.Release|x86.Build.0 = Release|Any CPU
		{273C03AE-481D-4DC9-AA5D-851208E2BCE7}.Debug|Any CPU.ActiveCfg = Debug|Any CPU
		{273C03AE-481D-4DC9-AA5D-851208E2BCE7}.Debug|Any CPU.Build.0 = Debug|Any CPU
		{273C03AE-481D-4DC9-AA5D-851208E2BCE7}.Debug|x64.ActiveCfg = Debug|Any CPU
		{273C03AE-481D-4DC9-AA5D-851208E2BCE7}.Debug|x64.Build.0 = Debug|Any CPU
		{273C03AE-481D-4DC9-AA5D-851208E2BCE7}.Debug|x86.ActiveCfg = Debug|Any CPU
		{273C03AE-481D-4DC9-AA5D-851208E2BCE7}.Debug|x86.Build.0 = Debug|Any CPU
		{273C03AE-481D-4DC9-AA5D-851208E2BCE7}.Release|Any CPU.ActiveCfg = Release|Any CPU
		{273C03AE-481D-4DC9-AA5D-851208E2BCE7}.Release|Any CPU.Build.0 = Release|Any CPU
		{273C03AE-481D-4DC9-AA5D-851208E2BCE7}.Release|x64.ActiveCfg = Release|Any CPU
		{273C03AE-481D-4DC9-AA5D-851208E2BCE7}.Release|x64.Build.0 = Release|Any CPU
		{273C03AE-481D-4DC9-AA5D-851208E2BCE7}.Release|x86.ActiveCfg = Release|Any CPU
		{273C03AE-481D-4DC9-AA5D-851208E2BCE7}.Release|x86.Build.0 = Release|Any CPU
		{B5E896E5-1A42-4957-8DE4-CF7E26ABEB64}.Debug|Any CPU.ActiveCfg = Debug|Any CPU
		{B5E896E5-1A42-4957-8DE4-CF7E26ABEB64}.Debug|Any CPU.Build.0 = Debug|Any CPU
		{B5E896E5-1A42-4957-8DE4-CF7E26ABEB64}.Debug|x64.ActiveCfg = Debug|Any CPU
		{B5E896E5-1A42-4957-8DE4-CF7E26ABEB64}.Debug|x64.Build.0 = Debug|Any CPU
		{B5E896E5-1A42-4957-8DE4-CF7E26ABEB64}.Debug|x86.ActiveCfg = Debug|Any CPU
		{B5E896E5-1A42-4957-8DE4-CF7E26ABEB64}.Debug|x86.Build.0 = Debug|Any CPU
		{B5E896E5-1A42-4957-8DE4-CF7E26ABEB64}.Release|Any CPU.ActiveCfg = Release|Any CPU
		{B5E896E5-1A42-4957-8DE4-CF7E26ABEB64}.Release|Any CPU.Build.0 = Release|Any CPU
		{B5E896E5-1A42-4957-8DE4-CF7E26ABEB64}.Release|x64.ActiveCfg = Release|Any CPU
		{B5E896E5-1A42-4957-8DE4-CF7E26ABEB64}.Release|x64.Build.0 = Release|Any CPU
		{B5E896E5-1A42-4957-8DE4-CF7E26ABEB64}.Release|x86.ActiveCfg = Release|Any CPU
		{B5E896E5-1A42-4957-8DE4-CF7E26ABEB64}.Release|x86.Build.0 = Release|Any CPU
		{47C21737-2088-416D-89AA-61979A163142}.Debug|Any CPU.ActiveCfg = Debug|Any CPU
		{47C21737-2088-416D-89AA-61979A163142}.Debug|Any CPU.Build.0 = Debug|Any CPU
		{47C21737-2088-416D-89AA-61979A163142}.Debug|x64.ActiveCfg = Debug|Any CPU
		{47C21737-2088-416D-89AA-61979A163142}.Debug|x64.Build.0 = Debug|Any CPU
		{47C21737-2088-416D-89AA-61979A163142}.Debug|x86.ActiveCfg = Debug|Any CPU
		{47C21737-2088-416D-89AA-61979A163142}.Debug|x86.Build.0 = Debug|Any CPU
		{47C21737-2088-416D-89AA-61979A163142}.Release|Any CPU.ActiveCfg = Release|Any CPU
		{47C21737-2088-416D-89AA-61979A163142}.Release|Any CPU.Build.0 = Release|Any CPU
		{47C21737-2088-416D-89AA-61979A163142}.Release|x64.ActiveCfg = Release|Any CPU
		{47C21737-2088-416D-89AA-61979A163142}.Release|x64.Build.0 = Release|Any CPU
		{47C21737-2088-416D-89AA-61979A163142}.Release|x86.ActiveCfg = Release|Any CPU
		{47C21737-2088-416D-89AA-61979A163142}.Release|x86.Build.0 = Release|Any CPU
	EndGlobalSection
	GlobalSection(SolutionProperties) = preSolution
		HideSolutionNode = FALSE
	EndGlobalSection
	GlobalSection(NestedProjects) = preSolution
		{0550D15B-9524-4A62-BC1B-62B5F5381F1E} = {827E0CD3-B72D-47B6-A68D-7590B98EB39B}
		{6EB8C280-0F81-47C5-8717-3F67329F859A} = {827E0CD3-B72D-47B6-A68D-7590B98EB39B}
		{D02E3CED-9920-4F48-B6F1-EA2B4BDF4F68} = {827E0CD3-B72D-47B6-A68D-7590B98EB39B}
		{5DE54194-A14E-4437-9988-14A8C128C51D} = {827E0CD3-B72D-47B6-A68D-7590B98EB39B}
		{273C03AE-481D-4DC9-AA5D-851208E2BCE7} = {827E0CD3-B72D-47B6-A68D-7590B98EB39B}
		{B5E896E5-1A42-4957-8DE4-CF7E26ABEB64} = {827E0CD3-B72D-47B6-A68D-7590B98EB39B}
		{47C21737-2088-416D-89AA-61979A163142} = {827E0CD3-B72D-47B6-A68D-7590B98EB39B}
	EndGlobalSection
EndGlobal
